
Microsoft Visual Studio Solution File, Format Version 12.00
# Visual Studio Version 16
VisualStudioVersion = 16.0.31005.135
MinimumVisualStudioVersion = 10.0.40219.1
Project("{FAE04EC0-301F-11D3-BF4B-00C04F79EFBC}") = "StSt", "StSt.csproj", "{167BDB40-767C-47CC-BF59-4D0F1A1B747B}"
EndProject
Global
	GlobalSection(SolutionConfigurationPlatforms) = preSolution
		Debug|Any CPU = Debug|Any CPU
		Release|Any CPU = Release|Any CPU
	EndGlobalSection
	GlobalSection(ProjectConfigurationPlatforms) = postSolution
		{167BDB40-767C-47CC-BF59-4D0F1A1B747B}.Debug|Any CPU.ActiveCfg = Debug|Any CPU
		{167BDB40-767C-47CC-BF59-4D0F1A1B747B}.Debug|Any CPU.Build.0 = Debug|Any CPU
		{167BDB40-767C-47CC-BF59-4D0F1A1B747B}.Release|Any CPU.ActiveCfg = Release|Any CPU
		{167BDB40-767C-47CC-BF59-4D0F1A1B747B}.Release|Any CPU.Build.0 = Release|Any CPU
	EndGlobalSection
	GlobalSection(SolutionProperties) = preSolution
		HideSolutionNode = FALSE
	EndGlobalSection
	GlobalSection(ExtensibilityGlobals) = postSolution
		SolutionGuid = {F8D72A3E-E7AE-4D6C-8EB6-28976EF1C742}
	EndGlobalSection
EndGlobal
